
Microsoft Visual Studio Solution File, Format Version 12.00
# Visual Studio Version 16
VisualStudioVersion = 16.0.34301.259
MinimumVisualStudioVersion = 10.0.40219.1
Project("{FAE04EC0-301F-11D3-BF4B-00C04F79EFBC}") = "IC20Analysis", "IC20Analysis.csproj", "{C957AD5E-987C-45A0-BE2B-5CD5E78D44EE}"
EndProject
Global
	GlobalSection(SolutionConfigurationPlatforms) = preSolution
		Debug|Any CPU = Debug|Any CPU
		Release|Any CPU = Release|Any CPU
	EndGlobalSection
	GlobalSection(ProjectConfigurationPlatforms) = postSolution
		{C957AD5E-987C-45A0-BE2B-5CD5E78D44EE}.Debug|Any CPU.ActiveCfg = Debug|Any CPU
		{C957AD5E-987C-45A0-BE2B-5CD5E78D44EE}.Debug|Any CPU.Build.0 = Debug|Any CPU
		{C957AD5E-987C-45A0-BE2B-5CD5E78D44EE}.Release|Any CPU.ActiveCfg = Release|Any CPU
		{C957AD5E-987C-45A0-BE2B-5CD5E78D44EE}.Release|Any CPU.Build.0 = Release|Any CPU
	EndGlobalSection
	GlobalSection(SolutionProperties) = preSolution
		HideSolutionNode = FALSE
	EndGlobalSection
	GlobalSection(ExtensibilityGlobals) = postSolution
		SolutionGuid = {B622B42A-7690-4327-9600-F4A4FA518CEF}
	EndGlobalSection
EndGlobal
